
Microsoft Visual Studio Solution File, Format Version 12.00
# Visual Studio 15
VisualStudioVersion = 15.0.28010.2003
MinimumVisualStudioVersion = 10.0.40219.1
Project("{9A19103F-16F7-4668-BE54-9A1E7A4F7556}") = "RadixAPIGateway.Domain", "RadixAPIGateway.Domain\RadixAPIGateway.Domain.csproj", "{E4DCC34C-45A5-4837-BE20-E77878943C1C}"
EndProject
Project("{9A19103F-16F7-4668-BE54-9A1E7A4F7556}") = "RadixAPIGateway.API", "RadixAPIGateway.API\RadixAPIGateway.API.csproj", "{597D3BCE-B3D5-4A7F-8476-A6604798B1A4}"
EndProject
Project("{9A19103F-16F7-4668-BE54-9A1E7A4F7556}") = "RadixAPIGateway.Data", "RadixAPIGateway.Data\RadixAPIGateway.Data.csproj", "{ADDF6BE2-6A0B-45CA-BDDD-39A4022CC7F7}"
EndProject
Project("{9A19103F-16F7-4668-BE54-9A1E7A4F7556}") = "RadixAPIGateway.IoC", "RadixAPIGateway.IoC\RadixAPIGateway.IoC.csproj", "{C1C7F3CD-1B6E-4F7C-80AB-6EEC75CDCEB1}"
EndProject
Project("{2150E333-8FDC-42A3-9474-1A3956D46DE8}") = "0-API", "0-API", "{4392343C-1E1E-47D5-91C2-2E5980AFF688}"
EndProject
Project("{2150E333-8FDC-42A3-9474-1A3956D46DE8}") = "2-Domain", "2-Domain", "{45451800-7C27-45F5-A64A-03C41CB7C268}"
EndProject
Project("{2150E333-8FDC-42A3-9474-1A3956D46DE8}") = "3-Infra", "3-Infra", "{64AC04F4-6E9B-4058-A2DE-A92C9C748ECB}"
EndProject
Project("{2150E333-8FDC-42A3-9474-1A3956D46DE8}") = "3.1-Data", "3.1-Data", "{89E0F03E-26C2-4EFC-908F-5C821E4C646D}"
EndProject
Project("{2150E333-8FDC-42A3-9474-1A3956D46DE8}") = "3.2-CrossCutting", "3.2-CrossCutting", "{FD413A13-521F-4810-A066-66A11C613612}"
EndProject
Project("{2150E333-8FDC-42A3-9474-1A3956D46DE8}") = "3.3-Providers", "3.3-Providers", "{CA826DCA-84F7-4672-91EB-DD49E148B041}"
EndProject
Project("{FAE04EC0-301F-11D3-BF4B-00C04F79EFBC}") = "RadixAPIGateway.Provider", "RadixAPIGateway.Provider\RadixAPIGateway.Provider.csproj", "{5AE96E7E-517C-4191-BDC7-86D50ED6E19B}"
EndProject
Global
	GlobalSection(SolutionConfigurationPlatforms) = preSolution
		Debug|Any CPU = Debug|Any CPU
		Release|Any CPU = Release|Any CPU
	EndGlobalSection
	GlobalSection(ProjectConfigurationPlatforms) = postSolution
		{E4DCC34C-45A5-4837-BE20-E77878943C1C}.Debug|Any CPU.ActiveCfg = Debug|Any CPU
		{E4DCC34C-45A5-4837-BE20-E77878943C1C}.Debug|Any CPU.Build.0 = Debug|Any CPU
		{E4DCC34C-45A5-4837-BE20-E77878943C1C}.Release|Any CPU.ActiveCfg = Release|Any CPU
		{E4DCC34C-45A5-4837-BE20-E77878943C1C}.Release|Any CPU.Build.0 = Release|Any CPU
		{597D3BCE-B3D5-4A7F-8476-A6604798B1A4}.Debug|Any CPU.ActiveCfg = Debug|Any CPU
		{597D3BCE-B3D5-4A7F-8476-A6604798B1A4}.Debug|Any CPU.Build.0 = Debug|Any CPU
		{597D3BCE-B3D5-4A7F-8476-A6604798B1A4}.Release|Any CPU.ActiveCfg = Release|Any CPU
		{597D3BCE-B3D5-4A7F-8476-A6604798B1A4}.Release|Any CPU.Build.0 = Release|Any CPU
		{ADDF6BE2-6A0B-45CA-BDDD-39A4022CC7F7}.Debug|Any CPU.ActiveCfg = Debug|Any CPU
		{ADDF6BE2-6A0B-45CA-BDDD-39A4022CC7F7}.Debug|Any CPU.Build.0 = Debug|Any CPU
		{ADDF6BE2-6A0B-45CA-BDDD-39A4022CC7F7}.Release|Any CPU.ActiveCfg = Release|Any CPU
		{ADDF6BE2-6A0B-45CA-BDDD-39A4022CC7F7}.Release|Any CPU.Build.0 = Release|Any CPU
		{C1C7F3CD-1B6E-4F7C-80AB-6EEC75CDCEB1}.Debug|Any CPU.ActiveCfg = Debug|Any CPU
		{C1C7F3CD-1B6E-4F7C-80AB-6EEC75CDCEB1}.Debug|Any CPU.Build.0 = Debug|Any CPU
		{C1C7F3CD-1B6E-4F7C-80AB-6EEC75CDCEB1}.Release|Any CPU.ActiveCfg = Release|Any CPU
		{C1C7F3CD-1B6E-4F7C-80AB-6EEC75CDCEB1}.Release|Any CPU.Build.0 = Release|Any CPU
		{5AE96E7E-517C-4191-BDC7-86D50ED6E19B}.Debug|Any CPU.ActiveCfg = Debug|Any CPU
		{5AE96E7E-517C-4191-BDC7-86D50ED6E19B}.Debug|Any CPU.Build.0 = Debug|Any CPU
		{5AE96E7E-517C-4191-BDC7-86D50ED6E19B}.Release|Any CPU.ActiveCfg = Release|Any CPU
		{5AE96E7E-517C-4191-BDC7-86D50ED6E19B}.Release|Any CPU.Build.0 = Release|Any CPU
	EndGlobalSection
	GlobalSection(SolutionProperties) = preSolution
		HideSolutionNode = FALSE
	EndGlobalSection
	GlobalSection(NestedProjects) = preSolution
		{E4DCC34C-45A5-4837-BE20-E77878943C1C} = {45451800-7C27-45F5-A64A-03C41CB7C268}
		{597D3BCE-B3D5-4A7F-8476-A6604798B1A4} = {4392343C-1E1E-47D5-91C2-2E5980AFF688}
		{ADDF6BE2-6A0B-45CA-BDDD-39A4022CC7F7} = {89E0F03E-26C2-4EFC-908F-5C821E4C646D}
		{C1C7F3CD-1B6E-4F7C-80AB-6EEC75CDCEB1} = {FD413A13-521F-4810-A066-66A11C613612}
		{89E0F03E-26C2-4EFC-908F-5C821E4C646D} = {64AC04F4-6E9B-4058-A2DE-A92C9C748ECB}
		{FD413A13-521F-4810-A066-66A11C613612} = {64AC04F4-6E9B-4058-A2DE-A92C9C748ECB}
		{CA826DCA-84F7-4672-91EB-DD49E148B041} = {64AC04F4-6E9B-4058-A2DE-A92C9C748ECB}
		{5AE96E7E-517C-4191-BDC7-86D50ED6E19B} = {CA826DCA-84F7-4672-91EB-DD49E148B041}
	EndGlobalSection
	GlobalSection(ExtensibilityGlobals) = postSolution
		SolutionGuid = {C12370D3-69A2-4025-AF28-C606BA72432B}
	EndGlobalSection
EndGlobal
